
Microsoft Visual Studio Solution File, Format Version 12.00
# Visual Studio Version 16
VisualStudioVersion = 16.0.33328.57
MinimumVisualStudioVersion = 10.0.40219.1
Project("{FAE04EC0-301F-11D3-BF4B-00C04F79EFBC}") = "poo 3", "poo 3\poo 3.csproj", "{A5E00EC1-A58C-46A9-87B2-BB42083D302E}"
EndProject
Global
	GlobalSection(SolutionConfigurationPlatforms) = preSolution
		Debug|Any CPU = Debug|Any CPU
		Release|Any CPU = Release|Any CPU
	EndGlobalSection
	GlobalSection(ProjectConfigurationPlatforms) = postSolution
		{A5E00EC1-A58C-46A9-87B2-BB42083D302E}.Debug|Any CPU.ActiveCfg = Debug|Any CPU
		{A5E00EC1-A58C-46A9-87B2-BB42083D302E}.Debug|Any CPU.Build.0 = Debug|Any CPU
		{A5E00EC1-A58C-46A9-87B2-BB42083D302E}.Release|Any CPU.ActiveCfg = Release|Any CPU
		{A5E00EC1-A58C-46A9-87B2-BB42083D302E}.Release|Any CPU.Build.0 = Release|Any CPU
	EndGlobalSection
	GlobalSection(SolutionProperties) = preSolution
		HideSolutionNode = FALSE
	EndGlobalSection
	GlobalSection(ExtensibilityGlobals) = postSolution
		SolutionGuid = {5365943A-204A-4580-9705-8BC7D20CBD05}
	EndGlobalSection
EndGlobal
